
Microsoft Visual Studio Solution File, Format Version 12.00
# Visual Studio 15
VisualStudioVersion = 15.0.28010.2019
MinimumVisualStudioVersion = 10.0.40219.1
Project("{8BC9CEB8-8B4A-11D0-8D11-00A0C91BC942}") = "RecastDll", "RecastDll\RecastDll.vcxproj", "{1873B8DA-4C35-4A6C-B141-475D6CC46346}"
EndProject
Project("{8BC9CEB8-8B4A-11D0-8D11-00A0C91BC942}") = "Test", "Test\Test.vcxproj", "{BE2E9648-9250-44F9-BD72-7EEDAD38D969}"
	ProjectSection(ProjectDependencies) = postProject
		{1873B8DA-4C35-4A6C-B141-475D6CC46346} = {1873B8DA-4C35-4A6C-B141-475D6CC46346}
	EndProjectSection
EndProject
Global
	GlobalSection(SolutionConfigurationPlatforms) = preSolution
		Debug|x64 = Debug|x64
		Debug|x86 = Debug|x86
		Release|x64 = Release|x64
		Release|x86 = Release|x86
	EndGlobalSection
	GlobalSection(ProjectConfigurationPlatforms) = postSolution
		{1873B8DA-4C35-4A6C-B141-475D6CC46346}.Debug|x64.ActiveCfg = Debug|x64
		{1873B8DA-4C35-4A6C-B141-475D6CC46346}.Debug|x64.Build.0 = Debug|x64
		{1873B8DA-4C35-4A6C-B141-475D6CC46346}.Debug|x86.ActiveCfg = Debug|Win32
		{1873B8DA-4C35-4A6C-B141-475D6CC46346}.Debug|x86.Build.0 = Debug|Win32
		{1873B8DA-4C35-4A6C-B141-475D6CC46346}.Release|x64.ActiveCfg = Release|x64
		{1873B8DA-4C35-4A6C-B141-475D6CC46346}.Release|x64.Build.0 = Release|x64
		{1873B8DA-4C35-4A6C-B141-475D6CC46346}.Release|x86.ActiveCfg = Release|Win32
		{1873B8DA-4C35-4A6C-B141-475D6CC46346}.Release|x86.Build.0 = Release|Win32
		{BE2E9648-9250-44F9-BD72-7EEDAD38D969}.Debug|x64.ActiveCfg = Debug|x64
		{BE2E9648-9250-44F9-BD72-7EEDAD38D969}.Debug|x64.Build.0 = Debug|x64
		{BE2E9648-9250-44F9-BD72-7EEDAD38D969}.Debug|x86.ActiveCfg = Debug|Win32
		{BE2E9648-9250-44F9-BD72-7EEDAD38D969}.Debug|x86.Build.0 = Debug|Win32
		{BE2E9648-9250-44F9-BD72-7EEDAD38D969}.Release|x64.ActiveCfg = Release|x64
		{BE2E9648-9250-44F9-BD72-7EEDAD38D969}.Release|x64.Build.0 = Release|x64
		{BE2E9648-9250-44F9-BD72-7EEDAD38D969}.Release|x86.ActiveCfg = Release|Win32
		{BE2E9648-9250-44F9-BD72-7EEDAD38D969}.Release|x86.Build.0 = Release|Win32
	EndGlobalSection
	GlobalSection(SolutionProperties) = preSolution
		HideSolutionNode = FALSE
	EndGlobalSection
	GlobalSection(ExtensibilityGlobals) = postSolution
		SolutionGuid = {5355EB70-A382-4684-87B5-BBDA8D616592}
	EndGlobalSection
EndGlobal
